
Microsoft Visual Studio Solution File, Format Version 12.00
# Visual Studio 2012
Project("{1B19158F-E398-40A6-8E3B-350508E125F1}") = "PhoneJS-TipCalculator-Angular", "PhoneJS-TipCalculator-Angular.dxjsproj", "{DA5D1A3C-8E0A-4492-B4B5-1E6DD2476390}"
EndProject
Global
	GlobalSection(SolutionConfigurationPlatforms) = preSolution
		Debug|Any CPU = Debug|Any CPU
		Release|Any CPU = Release|Any CPU
	EndGlobalSection
	GlobalSection(ProjectConfigurationPlatforms) = postSolution
		{DA5D1A3C-8E0A-4492-B4B5-1E6DD2476390}.Debug|Any CPU.ActiveCfg = Debug|Any CPU
		{DA5D1A3C-8E0A-4492-B4B5-1E6DD2476390}.Debug|Any CPU.Build.0 = Debug|Any CPU
		{DA5D1A3C-8E0A-4492-B4B5-1E6DD2476390}.Release|Any CPU.ActiveCfg = Release|Any CPU
		{DA5D1A3C-8E0A-4492-B4B5-1E6DD2476390}.Release|Any CPU.Build.0 = Release|Any CPU
	EndGlobalSection
	GlobalSection(SolutionProperties) = preSolution
		HideSolutionNode = FALSE
	EndGlobalSection
EndGlobal
